{
  "name": "ucsb-schedule-builder-deployment-wrapper",
  "version": "1.0.0",
  "lockfileVersion": 2,
  "requires": true,
  "packages": {
    "": {
      "name": "ucsb-schedule-builder-deployment-wrapper",
      "version": "1.0.0",
      "license": "MIT",
      "devDependencies": {
        "pnpm": "^6.20.4"
      }
    },
    "node_modules/pnpm": {
      "version": "6.20.4",
      "resolved": "https://registry.npmjs.org/pnpm/-/pnpm-6.20.4.tgz",
      "integrity": "sha512-t50posttANTjAqBfEapojvrD4JKPTcOiPOHxKIGLlcMYke4mKbOhDY+4asSToZI6e7fwQfQpPDPGFI+/qz7Z4A==",
      "dev": true,
      "bin": {
        "pnpm": "bin/pnpm.cjs",
        "pnpx": "bin/pnpx.cjs"
      },
      "engines": {
        "node": ">=12.17"
      },
      "funding": {
        "url": "https://opencollective.com/pnpm"
      }
    }
  },
  "dependencies": {
    "pnpm": {
      "version": "6.20.4",
      "resolved": "https://registry.npmjs.org/pnpm/-/pnpm-6.20.4.tgz",
      "integrity": "sha512-t50posttANTjAqBfEapojvrD4JKPTcOiPOHxKIGLlcMYke4mKbOhDY+4asSToZI6e7fwQfQpPDPGFI+/qz7Z4A==",
      "dev": true
    }
  }
}
